
Microsoft Visual Studio Solution File, Format Version 12.00
# Visual Studio 15
VisualStudioVersion = 15.0.28010.2019
MinimumVisualStudioVersion = 10.0.40219.1
Project("{FAE04EC0-301F-11D3-BF4B-00C04F79EFBC}") = "WindowsFormsApplication1", "WindowsFormsApplication1\WindowsFormsApplication1.csproj", "{FFB1B102-2D74-4E44-85FB-07C57E3AC3D9}"
EndProject
Global
	GlobalSection(SolutionConfigurationPlatforms) = preSolution
		Debug|Any CPU = Debug|Any CPU
		Release|Any CPU = Release|Any CPU
	EndGlobalSection
	GlobalSection(ProjectConfigurationPlatforms) = postSolution
		{FFB1B102-2D74-4E44-85FB-07C57E3AC3D9}.Debug|Any CPU.ActiveCfg = Debug|Any CPU
		{FFB1B102-2D74-4E44-85FB-07C57E3AC3D9}.Debug|Any CPU.Build.0 = Debug|Any CPU
		{FFB1B102-2D74-4E44-85FB-07C57E3AC3D9}.Release|Any CPU.ActiveCfg = Release|Any CPU
		{FFB1B102-2D74-4E44-85FB-07C57E3AC3D9}.Release|Any CPU.Build.0 = Release|Any CPU
	EndGlobalSection
	GlobalSection(SolutionProperties) = preSolution
		HideSolutionNode = FALSE
	EndGlobalSection
	GlobalSection(ExtensibilityGlobals) = postSolution
		SolutionGuid = {F54F585D-7547-4890-BC05-1D90C0B6CC82}
	EndGlobalSection
EndGlobal
